
Microsoft Visual Studio Solution File, Format Version 12.00
# Visual Studio Version 17
VisualStudioVersion = 17.3.32922.545
MinimumVisualStudioVersion = 10.0.40219.1
Project("{FAE04EC0-301F-11D3-BF4B-00C04F79EFBC}") = "APIUI", "APIUI\APIUI.csproj", "{EC8858B4-4037-4D62-8D83-51F1991BCB33}"
EndProject
Global
	GlobalSection(SolutionConfigurationPlatforms) = preSolution
		Debug|Any CPU = Debug|Any CPU
		Release|Any CPU = Release|Any CPU
	EndGlobalSection
	GlobalSection(ProjectConfigurationPlatforms) = postSolution
		{EC8858B4-4037-4D62-8D83-51F1991BCB33}.Debug|Any CPU.ActiveCfg = Debug|Any CPU
		{EC8858B4-4037-4D62-8D83-51F1991BCB33}.Debug|Any CPU.Build.0 = Debug|Any CPU
		{EC8858B4-4037-4D62-8D83-51F1991BCB33}.Release|Any CPU.ActiveCfg = Release|Any CPU
		{EC8858B4-4037-4D62-8D83-51F1991BCB33}.Release|Any CPU.Build.0 = Release|Any CPU
	EndGlobalSection
	GlobalSection(SolutionProperties) = preSolution
		HideSolutionNode = FALSE
	EndGlobalSection
	GlobalSection(ExtensibilityGlobals) = postSolution
		SolutionGuid = {B067004C-ECC2-45C4-9350-84F4941133C2}
	EndGlobalSection
EndGlobal
